
Microsoft Visual Studio Solution File, Format Version 12.00
# Visual Studio 15
VisualStudioVersion = 15.0.28307.271
MinimumVisualStudioVersion = 10.0.40219.1
Project("{9A19103F-16F7-4668-BE54-9A1E7A4F7556}") = "SFA.DAS.Reservations.Web", "SFA.DAS.Reservations.Web\SFA.DAS.Reservations.Web.csproj", "{F20ABA1D-C45D-46EA-AF6C-21BF15FE4268}"
EndProject
Project("{9A19103F-16F7-4668-BE54-9A1E7A4F7556}") = "SFA.DAS.Reservations.Infrastructure", "SFA.DAS.Reservations.Infrastructure\SFA.DAS.Reservations.Infrastructure.csproj", "{9EE1BABA-7E0A-447B-AD0F-43B385F22CB9}"
EndProject
Project("{9A19103F-16F7-4668-BE54-9A1E7A4F7556}") = "SFA.DAS.Reservations.Models", "SFA.DAS.Reservations.Models\SFA.DAS.Reservations.Models.csproj", "{C61C9E16-B344-4FC7-98C4-B16436855B18}"
EndProject
Project("{2150E333-8FDC-42A3-9474-1A3956D46DE8}") = "Tests", "Tests", "{429FE184-B674-47C2-971C-87AFC7411D47}"
EndProject
Project("{9A19103F-16F7-4668-BE54-9A1E7A4F7556}") = "SFA.DAS.Reservations.Infrastructure.UnitTests", "SFA.DAS.Reservations.Infrastructure.UnitTests\SFA.DAS.Reservations.Infrastructure.UnitTests.csproj", "{DDDA5440-96C8-452D-A4FD-FF09581E2738}"
EndProject
Project("{9A19103F-16F7-4668-BE54-9A1E7A4F7556}") = "SFA.DAS.Reservations.Application", "SFA.DAS.Reservations.Application\SFA.DAS.Reservations.Application.csproj", "{97D5D578-B8A2-46F9-AA1B-BBED699887D7}"
EndProject
Project("{9A19103F-16F7-4668-BE54-9A1E7A4F7556}") = "SFA.DAS.Reservations.Application.UnitTests", "SFA.DAS.Reservations.Application.UnitTests\SFA.DAS.Reservations.Application.UnitTests.csproj", "{36E04F1E-9E5A-4A39-AB57-FFCF09EE4C57}"
EndProject
Project("{9A19103F-16F7-4668-BE54-9A1E7A4F7556}") = "SFA.DAS.Reservations.Web.UnitTests", "SFA.DAS.Reservations.Web.UnitTests\SFA.DAS.Reservations.Web.UnitTests.csproj", "{DD46209A-CA75-4223-B61B-F7D355DD010C}"
EndProject
Project("{9A19103F-16F7-4668-BE54-9A1E7A4F7556}") = "SFA.DAS.Reservations.Domain", "SFA.DAS.Reservations.Domain\SFA.DAS.Reservations.Domain.csproj", "{945C9EDA-02A4-4652-9BDD-4535714FE430}"
EndProject
Project("{9A19103F-16F7-4668-BE54-9A1E7A4F7556}") = "SFA.DAS.Reservations.Domain.UnitTests", "SFA.DAS.Reservations.Domain.UnitTests\SFA.DAS.Reservations.Domain.UnitTests.csproj", "{49C2CBAC-B1E5-4D7F-8519-B5933F0ADE8A}"
EndProject
Global
	GlobalSection(SolutionConfigurationPlatforms) = preSolution
		Debug|Any CPU = Debug|Any CPU
		Release|Any CPU = Release|Any CPU
	EndGlobalSection
	GlobalSection(ProjectConfigurationPlatforms) = postSolution
		{F20ABA1D-C45D-46EA-AF6C-21BF15FE4268}.Debug|Any CPU.ActiveCfg = Debug|Any CPU
		{F20ABA1D-C45D-46EA-AF6C-21BF15FE4268}.Debug|Any CPU.Build.0 = Debug|Any CPU
		{F20ABA1D-C45D-46EA-AF6C-21BF15FE4268}.Release|Any CPU.ActiveCfg = Release|Any CPU
		{F20ABA1D-C45D-46EA-AF6C-21BF15FE4268}.Release|Any CPU.Build.0 = Release|Any CPU
		{9EE1BABA-7E0A-447B-AD0F-43B385F22CB9}.Debug|Any CPU.ActiveCfg = Debug|Any CPU
		{9EE1BABA-7E0A-447B-AD0F-43B385F22CB9}.Debug|Any CPU.Build.0 = Debug|Any CPU
		{9EE1BABA-7E0A-447B-AD0F-43B385F22CB9}.Release|Any CPU.ActiveCfg = Release|Any CPU
		{9EE1BABA-7E0A-447B-AD0F-43B385F22CB9}.Release|Any CPU.Build.0 = Release|Any CPU
		{C61C9E16-B344-4FC7-98C4-B16436855B18}.Debug|Any CPU.ActiveCfg = Debug|Any CPU
		{C61C9E16-B344-4FC7-98C4-B16436855B18}.Debug|Any CPU.Build.0 = Debug|Any CPU
		{C61C9E16-B344-4FC7-98C4-B16436855B18}.Release|Any CPU.ActiveCfg = Release|Any CPU
		{C61C9E16-B344-4FC7-98C4-B16436855B18}.Release|Any CPU.Build.0 = Release|Any CPU
		{DDDA5440-96C8-452D-A4FD-FF09581E2738}.Debug|Any CPU.ActiveCfg = Debug|Any CPU
		{DDDA5440-96C8-452D-A4FD-FF09581E2738}.Debug|Any CPU.Build.0 = Debug|Any CPU
		{DDDA5440-96C8-452D-A4FD-FF09581E2738}.Release|Any CPU.ActiveCfg = Release|Any CPU
		{DDDA5440-96C8-452D-A4FD-FF09581E2738}.Release|Any CPU.Build.0 = Release|Any CPU
		{97D5D578-B8A2-46F9-AA1B-BBED699887D7}.Debug|Any CPU.ActiveCfg = Debug|Any CPU
		{97D5D578-B8A2-46F9-AA1B-BBED699887D7}.Debug|Any CPU.Build.0 = Debug|Any CPU
		{97D5D578-B8A2-46F9-AA1B-BBED699887D7}.Release|Any CPU.ActiveCfg = Release|Any CPU
		{97D5D578-B8A2-46F9-AA1B-BBED699887D7}.Release|Any CPU.Build.0 = Release|Any CPU
		{36E04F1E-9E5A-4A39-AB57-FFCF09EE4C57}.Debug|Any CPU.ActiveCfg = Debug|Any CPU
		{36E04F1E-9E5A-4A39-AB57-FFCF09EE4C57}.Debug|Any CPU.Build.0 = Debug|Any CPU
		{36E04F1E-9E5A-4A39-AB57-FFCF09EE4C57}.Release|Any CPU.ActiveCfg = Release|Any CPU
		{36E04F1E-9E5A-4A39-AB57-FFCF09EE4C57}.Release|Any CPU.Build.0 = Release|Any CPU
		{DD46209A-CA75-4223-B61B-F7D355DD010C}.Debug|Any CPU.ActiveCfg = Debug|Any CPU
		{DD46209A-CA75-4223-B61B-F7D355DD010C}.Debug|Any CPU.Build.0 = Debug|Any CPU
		{DD46209A-CA75-4223-B61B-F7D355DD010C}.Release|Any CPU.ActiveCfg = Release|Any CPU
		{DD46209A-CA75-4223-B61B-F7D355DD010C}.Release|Any CPU.Build.0 = Release|Any CPU
		{945C9EDA-02A4-4652-9BDD-4535714FE430}.Debug|Any CPU.ActiveCfg = Debug|Any CPU
		{945C9EDA-02A4-4652-9BDD-4535714FE430}.Debug|Any CPU.Build.0 = Debug|Any CPU
		{945C9EDA-02A4-4652-9BDD-4535714FE430}.Release|Any CPU.ActiveCfg = Release|Any CPU
		{945C9EDA-02A4-4652-9BDD-4535714FE430}.Release|Any CPU.Build.0 = Release|Any CPU
		{49C2CBAC-B1E5-4D7F-8519-B5933F0ADE8A}.Debug|Any CPU.ActiveCfg = Debug|Any CPU
		{49C2CBAC-B1E5-4D7F-8519-B5933F0ADE8A}.Debug|Any CPU.Build.0 = Debug|Any CPU
		{49C2CBAC-B1E5-4D7F-8519-B5933F0ADE8A}.Release|Any CPU.ActiveCfg = Release|Any CPU
		{49C2CBAC-B1E5-4D7F-8519-B5933F0ADE8A}.Release|Any CPU.Build.0 = Release|Any CPU
	EndGlobalSection
	GlobalSection(SolutionProperties) = preSolution
		HideSolutionNode = FALSE
	EndGlobalSection
	GlobalSection(NestedProjects) = preSolution
		{DDDA5440-96C8-452D-A4FD-FF09581E2738} = {429FE184-B674-47C2-971C-87AFC7411D47}
		{36E04F1E-9E5A-4A39-AB57-FFCF09EE4C57} = {429FE184-B674-47C2-971C-87AFC7411D47}
		{DD46209A-CA75-4223-B61B-F7D355DD010C} = {429FE184-B674-47C2-971C-87AFC7411D47}
		{49C2CBAC-B1E5-4D7F-8519-B5933F0ADE8A} = {429FE184-B674-47C2-971C-87AFC7411D47}
	EndGlobalSection
	GlobalSection(ExtensibilityGlobals) = postSolution
		SolutionGuid = {92493938-AEBD-43A6-936E-DC0B25100216}
	EndGlobalSection
EndGlobal
